{
  "version": 4,
  "terraform_version": "1.14.3",
  "serial": 64,
  "lineage": "98d6ca57-1d41-a498-b774-d34e34fc384c",
  "outputs": {
    "api_gateway_id": {
      "value": "86m8lqixlk",
      "type": "string"
    },
    "api_gateway_url": {
      "value": "https://86m8lqixlk.execute-api.us-east-1.amazonaws.com/",
      "type": "string"
    },
    "cloudfront_distribution_id": {
      "value": "EBGTXUBNA7R2W",
      "type": "string"
    },
    "cloudfront_domain_name": {
      "value": "d1vaa3dyuwnamc.cloudfront.net",
      "type": "string"
    },
    "cloudfront_url": {
      "value": "https://d1vaa3dyuwnamc.cloudfront.net",
      "type": "string"
    },
    "cognito_app_client_id": {
      "value": "2m44evmulf50vn5vnhif0h2htq",
      "type": "string"
    },
    "cognito_user_pool_arn": {
      "value": "arn:aws:cognito-idp:us-east-1:843280563593:userpool/us-east-1_OoK1GwlaJ",
      "type": "string"
    },
    "cognito_user_pool_domain": {
      "value": "red-subaru-26e2cf21",
      "type": "string"
    },
    "cognito_user_pool_endpoint": {
      "value": "cognito-idp.us-east-1.amazonaws.com/us-east-1_OoK1GwlaJ",
      "type": "string"
    },
    "cognito_user_pool_id": {
      "value": "us-east-1_OoK1GwlaJ",
      "type": "string"
    },
    "dynamodb_sightings_table_arn": {
      "value": "arn:aws:dynamodb:us-east-1:843280563593:table/red-subaru-sightings-26e2cf21",
      "type": "string"
    },
    "dynamodb_sightings_table_name": {
      "value": "red-subaru-sightings-26e2cf21",
      "type": "string"
    },
    "dynamodb_users_table_arn": {
      "value": "arn:aws:dynamodb:us-east-1:843280563593:table/red-subaru-users-26e2cf21",
      "type": "string"
    },
    "dynamodb_users_table_name": {
      "value": "red-subaru-users-26e2cf21",
      "type": "string"
    },
    "lambda_get_leaderboard_arn": {
      "value": "arn:aws:lambda:us-east-1:843280563593:function:red-subaru-get-leaderboard-26e2cf21",
      "type": "string"
    },
    "lambda_record_sighting_arn": {
      "value": "arn:aws:lambda:us-east-1:843280563593:function:red-subaru-record-sighting-26e2cf21",
      "type": "string"
    },
    "lambda_role_arn": {
      "value": "arn:aws:iam::843280563593:role/red-subaru-lambda-role-26e2cf21",
      "type": "string"
    },
    "lambda_sync_user_arn": {
      "value": "arn:aws:lambda:us-east-1:843280563593:function:red-subaru-sync-user-26e2cf21",
      "type": "string"
    },
    "react_env_vars": {
      "value": "# Add these to your .env file\r\nVITE_COGNITO_USER_POOL_ID=us-east-1_OoK1GwlaJ\r\nVITE_COGNITO_CLIENT_ID=2m44evmulf50vn5vnhif0h2htq\r\nVITE_COGNITO_REGION=us-east-1\r\nVITE_API_URL=https://86m8lqixlk.execute-api.us-east-1.amazonaws.com/\r\nVITE_CLOUDFRONT_URL=https://d1vaa3dyuwnamc.cloudfront.net\r\nDYNAMODB_SIGHTINGS_TABLE=red-subaru-sightings-26e2cf21\r\nDYNAMODB_USERS_TABLE=red-subaru-users-26e2cf21\r\n",
      "type": "string"
    },
    "s3_bucket_arn": {
      "value": "arn:aws:s3:::red-subaru-static-26e2cf21",
      "type": "string"
    },
    "s3_bucket_name": {
      "value": "red-subaru-static-26e2cf21",
      "type": "string"
    }
  },
  "resources": [
    {
      "mode": "data",
      "type": "archive_file",
      "name": "get_leaderboard",
      "provider": "provider[\"registry.terraform.io/hashicorp/archive\"]",
      "instances": [
        {
          "schema_version": 0,
          "attributes": {
            "exclude_symlink_directories": null,
            "excludes": null,
            "id": "30e99510f603bcf8fbfd68cc3f96b55224d4fed7",
            "output_base64sha256": "QHZNnbH96/dGe8yPREkP3MRqzinxzltzJltCuW4FohU=",
            "output_base64sha512": "LMPGNR1GkycbTDeAztyKDikkKFeFay8P47xOVYFRJ1L5q7eh5eDeuSDfzTROQk5P8CJv/JMPi8N5hjToteBxaQ==",
            "output_file_mode": null,
            "output_md5": "3e7e4f584974d1270d2f71e91cfa65fb",
            "output_path": "./.lambda_zips/getLeaderboard.zip",
            "output_sha": "30e99510f603bcf8fbfd68cc3f96b55224d4fed7",
            "output_sha256": "40764d9db1fdebf7467bcc8f44490fdcc46ace29f1ce5b73265b42b96e05a215",
            "output_sha512": "2cc3c6351d4693271b4c3780cedc8a0e29242857856b2f0fe3bc4e5581512752f9abb7a1e5e0deb920dfcd344e424e4ff0226ffc930f8bc3798634e8b5e07169",
            "output_size": 3095287,
            "source": [],
            "source_content": null,
            "source_content_filename": null,
            "source_dir": "./../lambda/getLeaderboard",
            "source_file": null,
            "type": "zip"
          },
          "sensitive_attributes": [],
          "identity_schema_version": 0
        }
      ]
    },
    {
      "mode": "data",
      "type": "archive_file",
      "name": "record_sighting",
      "provider": "provider[\"registry.terraform.io/hashicorp/archive\"]",
      "instances": [
        {
          "schema_version": 0,
          "attributes": {
            "exclude_symlink_directories": null,
            "excludes": null,
            "id": "163d6008732d5426edca2528d325170e01c9efc1",
            "output_base64sha256": "HnR1Blt7BwVnAXGXNUEUle9V364eotwt+n5J8sMXZKQ=",
            "output_base64sha512": "KFFVeM/sqcmD4aA1QSHWvNkkr8U2Maid5WsmF9dY105BOBU34A0IxOqOteoiPakvB32JFSTnyoSPt2bpy73MFQ==",
            "output_file_mode": null,
            "output_md5": "0444336187e9755310d70fd51e4dc4a6",
            "output_path": "./.lambda_zips/recordSighting.zip",
            "output_sha": "163d6008732d5426edca2528d325170e01c9efc1",
            "output_sha256": "1e7475065b7b07056701719735411495ef55dfae1ea2dc2dfa7e49f2c31764a4",
            "output_sha512": "28515578cfeca9c983e1a0354121d6bcd924afc53631a89de56b2617d758d74e41381537e00d08c4ea8eb5ea223da92f077d891524e7ca848fb766e9cbbdcc15",
            "output_size": 3094883,
            "source": [],
            "source_content": null,
            "source_content_filename": null,
            "source_dir": "./../lambda/recordSighting",
            "source_file": null,
            "type": "zip"
          },
          "sensitive_attributes": [],
          "identity_schema_version": 0
        }
      ]
    },
    {
      "mode": "data",
      "type": "archive_file",
      "name": "sync_user",
      "provider": "provider[\"registry.terraform.io/hashicorp/archive\"]",
      "instances": [
        {
          "schema_version": 0,
          "attributes": {
            "exclude_symlink_directories": null,
            "excludes": null,
            "id": "29811c8a2d4e448497aa2b8dc6b7bc6e8d56d173",
            "output_base64sha256": "0Y+2iUPI/f9JzCeJECeyf10C2/z5GtJO2FofgqzFi5I=",
            "output_base64sha512": "pJsrvcmSlUfiaqCCR3mXEgOiOMHZvDBMKBX3mcWYvR7KDAWIDxiZ6ouGGeyXysgduPnlqJRLWQgjQJER+52wSw==",
            "output_file_mode": null,
            "output_md5": "651a3ab1365f272a1b0c7c2856e6aea3",
            "output_path": "./.lambda_zips/syncUser.zip",
            "output_sha": "29811c8a2d4e448497aa2b8dc6b7bc6e8d56d173",
            "output_sha256": "d18fb68943c8fdff49cc27891027b27f5d02dbfcf91ad24ed85a1f82acc58b92",
            "output_sha512": "a49b2bbdc9929547e26aa0824779971203a238c1d9bc304c2815f799c598bd1eca0c05880f1899ea8b8619ec97cac81db8f9e5a8944b590823409111fb9db04b",
            "output_size": 3094319,
            "source": [],
            "source_content": null,
            "source_content_filename": null,
            "source_dir": "./../lambda/syncUser",
            "source_file": null,
            "type": "zip"
          },
          "sensitive_attributes": [],
          "identity_schema_version": 0
        }
      ]
    },
    {
      "mode": "managed",
      "type": "aws_apigatewayv2_api",
      "name": "main",
      "provider": "provider[\"registry.terraform.io/hashicorp/aws\"]",
      "instances": [
        {
          "schema_version": 0,
          "attributes": {
            "api_endpoint": "https://86m8lqixlk.execute-api.us-east-1.amazonaws.com",
            "api_key_selection_expression": "$request.header.x-api-key",
            "arn": "arn:aws:apigateway:us-east-1::/apis/86m8lqixlk",
            "body": null,
            "cors_configuration": [
              {
                "allow_credentials": false,
                "allow_headers": [
                  "authorization",
                  "content-type"
                ],
                "allow_methods": [
                  "GET",
                  "OPTIONS",
                  "POST"
                ],
                "allow_origins": [
                  "http://localhost:3000",
                  "http://localhost:4200",
                  "http://localhost:5173",
                  "https://d1vaa3dyuwnamc.cloudfront.net"
                ],
                "expose_headers": [],
                "max_age": 3600
              }
            ],
            "credentials_arn": null,
            "description": "Red Subaru Tracker API",
            "disable_execute_api_endpoint": false,
            "execution_arn": "arn:aws:execute-api:us-east-1:843280563593:86m8lqixlk",
            "fail_on_warnings": null,
            "id": "86m8lqixlk",
            "ip_address_type": "ipv4",
            "name": "red-subaru-api-26e2cf21",
            "protocol_type": "HTTP",
            "route_key": null,
            "route_selection_expression": "$request.method $request.path",
            "tags": {
              "Environment": "dev",
              "Name": "Red Subaru API"
            },
            "tags_all": {
              "Environment": "dev",
              "Name": "Red Subaru API"
            },
            "target": null,
            "version": ""
          },
          "sensitive_attributes": [],
          "identity_schema_version": 0,
          "private": "bnVsbA==",
          "dependencies": [
            "aws_cloudfront_distribution.static_site",
            "aws_cloudfront_origin_access_control.static_site",
            "aws_s3_bucket.static_site",
            "random_id.suffix"
          ]
        }
      ]
    },
    {
      "mode": "managed",
      "type": "aws_apigatewayv2_integration",
      "name": "get_leaderboard",
      "provider": "provider[\"registry.terraform.io/hashicorp/aws\"]",
      "instances": [
        {
          "schema_version": 0,
          "attributes": {
            "api_id": "86m8lqixlk",
            "connection_id": "",
            "connection_type": "INTERNET",
            "content_handling_strategy": "",
            "credentials_arn": "",
            "description": "",
            "id": "ui5uvfr",
            "integration_method": "POST",
            "integration_response_selection_expression": "",
            "integration_subtype": "",
            "integration_type": "AWS_PROXY",
            "integration_uri": "arn:aws:apigateway:us-east-1:lambda:path/2015-03-31/functions/arn:aws:lambda:us-east-1:843280563593:function:red-subaru-get-leaderboard-26e2cf21/invocations",
            "passthrough_behavior": "",
            "payload_format_version": "2.0",
            "request_parameters": {},
            "request_templates": {},
            "response_parameters": [],
            "template_selection_expression": "",
            "timeout_milliseconds": 30000,
            "tls_config": []
          },
          "sensitive_attributes": [],
          "identity_schema_version": 0,
          "private": "bnVsbA==",
          "dependencies": [
            "aws_apigatewayv2_api.main",
            "aws_cloudfront_distribution.static_site",
            "aws_cloudfront_origin_access_control.static_site",
            "aws_dynamodb_table.sightings",
            "aws_dynamodb_table.users",
            "aws_iam_role.lambda_role",
            "aws_lambda_function.get_leaderboard",
            "aws_s3_bucket.static_site",
            "data.archive_file.get_leaderboard",
            "random_id.suffix"
          ]
        }
      ]
    },
    {
      "mode": "managed",
      "type": "aws_apigatewayv2_integration",
      "name": "record_sighting",
      "provider": "provider[\"registry.terraform.io/hashicorp/aws\"]",
      "instances": [
        {
          "schema_version": 0,
          "attributes": {
            "api_id": "86m8lqixlk",
            "connection_id": "",
            "connection_type": "INTERNET",
            "content_handling_strategy": "",
            "credentials_arn": "",
            "description": "",
            "id": "xfj205v",
            "integration_method": "POST",
            "integration_response_selection_expression": "",
            "integration_subtype": "",
            "integration_type": "AWS_PROXY",
            "integration_uri": "arn:aws:apigateway:us-east-1:lambda:path/2015-03-31/functions/arn:aws:lambda:us-east-1:843280563593:function:red-subaru-record-sighting-26e2cf21/invocations",
            "passthrough_behavior": "",
            "payload_format_version": "2.0",
            "request_parameters": {},
            "request_templates": {},
            "response_parameters": [],
            "template_selection_expression": "",
            "timeout_milliseconds": 30000,
            "tls_config": []
          },
          "sensitive_attributes": [],
          "identity_schema_version": 0,
          "private": "bnVsbA==",
          "dependencies": [
            "aws_apigatewayv2_api.main",
            "aws_cloudfront_distribution.static_site",
            "aws_cloudfront_origin_access_control.static_site",
            "aws_dynamodb_table.sightings",
            "aws_dynamodb_table.users",
            "aws_iam_role.lambda_role",
            "aws_lambda_function.record_sighting",
            "aws_s3_bucket.static_site",
            "data.archive_file.record_sighting",
            "random_id.suffix"
          ]
        }
      ]
    },
    {
      "mode": "managed",
      "type": "aws_apigatewayv2_route",
      "name": "get_leaderboard",
      "provider": "provider[\"registry.terraform.io/hashicorp/aws\"]",
      "instances": [
        {
          "schema_version": 0,
          "attributes": {
            "api_id": "86m8lqixlk",
            "api_key_required": false,
            "authorization_scopes": [],
            "authorization_type": "NONE",
            "authorizer_id": "",
            "id": "k9aegeq",
            "model_selection_expression": "",
            "operation_name": "",
            "request_models": {},
            "request_parameter": [],
            "route_key": "GET /leaderboard",
            "route_response_selection_expression": "",
            "target": "integrations/ui5uvfr"
          },
          "sensitive_attributes": [],
          "identity_schema_version": 0,
          "private": "bnVsbA==",
          "dependencies": [
            "aws_apigatewayv2_api.main",
            "aws_apigatewayv2_integration.get_leaderboard",
            "aws_cloudfront_distribution.static_site",
            "aws_cloudfront_origin_access_control.static_site",
            "aws_dynamodb_table.sightings",
            "aws_dynamodb_table.users",
            "aws_iam_role.lambda_role",
            "aws_lambda_function.get_leaderboard",
            "aws_s3_bucket.static_site",
            "data.archive_file.get_leaderboard",
            "random_id.suffix"
          ]
        }
      ]
    },
    {
      "mode": "managed",
      "type": "aws_apigatewayv2_route",
      "name": "post_sightings",
      "provider": "provider[\"registry.terraform.io/hashicorp/aws\"]",
      "instances": [
        {
          "schema_version": 0,
          "attributes": {
            "api_id": "86m8lqixlk",
            "api_key_required": false,
            "authorization_scopes": [],
            "authorization_type": "NONE",
            "authorizer_id": "",
            "id": "0etl69v",
            "model_selection_expression": "",
            "operation_name": "",
            "request_models": {},
            "request_parameter": [],
            "route_key": "POST /sightings",
            "route_response_selection_expression": "",
            "target": "integrations/xfj205v"
          },
          "sensitive_attributes": [],
          "identity_schema_version": 0,
          "private": "bnVsbA==",
          "dependencies": [
            "aws_apigatewayv2_api.main",
            "aws_apigatewayv2_integration.record_sighting",
            "aws_cloudfront_distribution.static_site",
            "aws_cloudfront_origin_access_control.static_site",
            "aws_dynamodb_table.sightings",
            "aws_dynamodb_table.users",
            "aws_iam_role.lambda_role",
            "aws_lambda_function.record_sighting",
            "aws_s3_bucket.static_site",
            "data.archive_file.record_sighting",
            "random_id.suffix"
          ]
        }
      ]
    },
    {
      "mode": "managed",
      "type": "aws_apigatewayv2_stage",
      "name": "main",
      "provider": "provider[\"registry.terraform.io/hashicorp/aws\"]",
      "instances": [
        {
          "schema_version": 0,
          "attributes": {
            "access_log_settings": [
              {
                "destination_arn": "arn:aws:logs:us-east-1:843280563593:log-group:/aws/apigateway/red-subaru-26e2cf21",
                "format": "{\"errorMessage\":\"$context.error.message\",\"httpMethod\":\"$context.httpMethod\",\"ip\":\"$context.identity.sourceIp\",\"requestId\":\"$context.requestId\",\"requestTime\":\"$context.requestTime\",\"responseLength\":\"$context.responseLength\",\"routeKey\":\"$context.routeKey\",\"status\":\"$context.status\"}"
              }
            ],
            "api_id": "86m8lqixlk",
            "arn": "arn:aws:apigateway:us-east-1::/apis/86m8lqixlk/stages/$default",
            "auto_deploy": true,
            "client_certificate_id": "",
            "default_route_settings": [
              {
                "data_trace_enabled": false,
                "detailed_metrics_enabled": false,
                "logging_level": "",
                "throttling_burst_limit": 0,
                "throttling_rate_limit": 0
              }
            ],
            "deployment_id": "o03gdv",
            "description": "",
            "execution_arn": "arn:aws:execute-api:us-east-1:843280563593:86m8lqixlk/$default",
            "id": "$default",
            "invoke_url": "https://86m8lqixlk.execute-api.us-east-1.amazonaws.com/",
            "name": "$default",
            "route_settings": [],
            "stage_variables": {},
            "tags": {
              "Environment": "dev",
              "Name": "Red Subaru API Stage"
            },
            "tags_all": {
              "Environment": "dev",
              "Name": "Red Subaru API Stage"
            }
          },
          "sensitive_attributes": [],
          "identity_schema_version": 0,
          "private": "bnVsbA==",
          "dependencies": [
            "aws_apigatewayv2_api.main",
            "aws_cloudfront_distribution.static_site",
            "aws_cloudfront_origin_access_control.static_site",
            "aws_cloudwatch_log_group.api_gateway",
            "aws_s3_bucket.static_site",
            "random_id.suffix"
          ]
        }
      ]
    },
    {
      "mode": "managed",
      "type": "aws_cloudfront_distribution",
      "name": "static_site",
      "provider": "provider[\"registry.terraform.io/hashicorp/aws\"]",
      "instances": [
        {
          "schema_version": 1,
          "attributes": {
            "aliases": [],
            "arn": "arn:aws:cloudfront::843280563593:distribution/EBGTXUBNA7R2W",
            "caller_reference": "terraform-20260205011937842700000002",
            "comment": "Red Subaru Static Site Distribution",
            "continuous_deployment_policy_id": "",
            "custom_error_response": [
              {
                "error_caching_min_ttl": 300,
                "error_code": 403,
                "response_code": 200,
                "response_page_path": "/index.html"
              },
              {
                "error_caching_min_ttl": 300,
                "error_code": 404,
                "response_code": 200,
                "response_page_path": "/index.html"
              }
            ],
            "default_cache_behavior": [
              {
                "allowed_methods": [
                  "GET",
                  "HEAD",
                  "OPTIONS"
                ],
                "cache_policy_id": "",
                "cached_methods": [
                  "GET",
                  "HEAD"
                ],
                "compress": true,
                "default_ttl": 86400,
                "field_level_encryption_id": "",
                "forwarded_values": [
                  {
                    "cookies": [
                      {
                        "forward": "none",
                        "whitelisted_names": []
                      }
                    ],
                    "headers": [],
                    "query_string": false,
                    "query_string_cache_keys": []
                  }
                ],
                "function_association": [],
                "grpc_config": [
                  {
                    "enabled": false
                  }
                ],
                "lambda_function_association": [],
                "max_ttl": 604800,
                "min_ttl": 0,
                "origin_request_policy_id": "",
                "realtime_log_config_arn": "",
                "response_headers_policy_id": "",
                "smooth_streaming": false,
                "target_origin_id": "S3-red-subaru-static-26e2cf21",
                "trusted_key_groups": [],
                "trusted_signers": [],
                "viewer_protocol_policy": "redirect-to-https"
              }
            ],
            "default_root_object": "index.html",
            "domain_name": "d1vaa3dyuwnamc.cloudfront.net",
            "enabled": true,
            "etag": "E23ZP02F085DFQ",
            "hosted_zone_id": "Z2FDTNDATAQYW2",
            "http_version": "http2",
            "id": "EBGTXUBNA7R2W",
            "in_progress_validation_batches": 0,
            "is_ipv6_enabled": true,
            "last_modified_time": "2026-02-05 01:19:37.977 +0000 UTC",
            "logging_config": [],
            "ordered_cache_behavior": [],
            "origin": [
              {
                "connection_attempts": 3,
                "connection_timeout": 10,
                "custom_header": [],
                "custom_origin_config": [],
                "domain_name": "red-subaru-static-26e2cf21.s3.us-east-1.amazonaws.com",
                "origin_access_control_id": "E2W4Z6BHJOOHEO",
                "origin_id": "S3-red-subaru-static-26e2cf21",
                "origin_path": "",
                "origin_shield": [],
                "s3_origin_config": [],
                "vpc_origin_config": []
              }
            ],
            "origin_group": [],
            "price_class": "PriceClass_100",
            "restrictions": [
              {
                "geo_restriction": [
                  {
                    "locations": [],
                    "restriction_type": "none"
                  }
                ]
              }
            ],
            "retain_on_delete": false,
            "staging": false,
            "status": "Deployed",
            "tags": {
              "Environment": "dev",
              "Name": "Red Subaru CloudFront Distribution"
            },
            "tags_all": {
              "Environment": "dev",
              "Name": "Red Subaru CloudFront Distribution"
            },
            "trusted_key_groups": [
              {
                "enabled": false,
                "items": []
              }
            ],
            "trusted_signers": [
              {
                "enabled": false,
                "items": []
              }
            ],
            "viewer_certificate": [
              {
                "acm_certificate_arn": "",
                "cloudfront_default_certificate": true,
                "iam_certificate_id": "",
                "minimum_protocol_version": "TLSv1",
                "ssl_support_method": ""
              }
            ],
            "wait_for_deployment": true,
            "web_acl_id": ""
          },
          "sensitive_attributes": [],
          "identity_schema_version": 0,
          "private": "eyJzY2hlbWFfdmVyc2lvbiI6IjEifQ==",
          "dependencies": [
            "aws_cloudfront_origin_access_control.static_site",
            "aws_s3_bucket.static_site",
            "random_id.suffix"
          ]
        }
      ]
    },
    {
      "mode": "managed",
      "type": "aws_cloudfront_origin_access_control",
      "name": "static_site",
      "provider": "provider[\"registry.terraform.io/hashicorp/aws\"]",
      "instances": [
        {
          "schema_version": 0,
          "attributes": {
            "arn": "arn:aws:cloudfront::843280563593:origin-access-control/E2W4Z6BHJOOHEO",
            "description": "OAC for Red Subaru static site",
            "etag": "ETVPDKIKX0DER",
            "id": "E2W4Z6BHJOOHEO",
            "name": "red-subaru-oac-26e2cf21",
            "origin_access_control_origin_type": "s3",
            "signing_behavior": "always",
            "signing_protocol": "sigv4"
          },
          "sensitive_attributes": [],
          "identity_schema_version": 0,
          "private": "bnVsbA==",
          "dependencies": [
            "random_id.suffix"
          ]
        }
      ]
    },
    {
      "mode": "managed",
      "type": "aws_cloudwatch_log_group",
      "name": "api_gateway",
      "provider": "provider[\"registry.terraform.io/hashicorp/aws\"]",
      "instances": [
        {
          "schema_version": 0,
          "attributes": {
            "arn": "arn:aws:logs:us-east-1:843280563593:log-group:/aws/apigateway/red-subaru-26e2cf21",
            "id": "/aws/apigateway/red-subaru-26e2cf21",
            "kms_key_id": "",
            "log_group_class": "STANDARD",
            "name": "/aws/apigateway/red-subaru-26e2cf21",
            "name_prefix": "",
            "retention_in_days": 7,
            "skip_destroy": false,
            "tags": {
              "Environment": "dev",
              "Name": "Red Subaru API Logs"
            },
            "tags_all": {
              "Environment": "dev",
              "Name": "Red Subaru API Logs"
            }
          },
          "sensitive_attributes": [],
          "identity_schema_version": 0,
          "private": "bnVsbA==",
          "dependencies": [
            "random_id.suffix"
          ]
        }
      ]
    },
    {
      "mode": "managed",
      "type": "aws_cognito_user_pool",
      "name": "main",
      "provider": "provider[\"registry.terraform.io/hashicorp/aws\"]",
      "instances": [
        {
          "schema_version": 0,
          "attributes": {
            "account_recovery_setting": [
              {
                "recovery_mechanism": [
                  {
                    "name": "verified_email",
                    "priority": 1
                  }
                ]
              }
            ],
            "admin_create_user_config": [
              {
                "allow_admin_create_user_only": false,
                "invite_message_template": []
              }
            ],
            "alias_attributes": null,
            "arn": "arn:aws:cognito-idp:us-east-1:843280563593:userpool/us-east-1_OoK1GwlaJ",
            "auto_verified_attributes": [
              "email"
            ],
            "creation_date": "2026-02-05T01:20:09Z",
            "custom_domain": "",
            "deletion_protection": "INACTIVE",
            "device_configuration": [],
            "domain": "red-subaru-26e2cf21",
            "email_configuration": [
              {
                "configuration_set": "",
                "email_sending_account": "COGNITO_DEFAULT",
                "from_email_address": "",
                "reply_to_email_address": "",
                "source_arn": ""
              }
            ],
            "email_mfa_configuration": [],
            "email_verification_message": "Your verification code is {####}",
            "email_verification_subject": "Red Subaru - Verify your email",
            "endpoint": "cognito-idp.us-east-1.amazonaws.com/us-east-1_OoK1GwlaJ",
            "estimated_number_of_users": 1,
            "id": "us-east-1_OoK1GwlaJ",
            "lambda_config": [
              {
                "create_auth_challenge": "",
                "custom_email_sender": [],
                "custom_message": "",
                "custom_sms_sender": [],
                "define_auth_challenge": "",
                "kms_key_id": "",
                "post_authentication": "",
                "post_confirmation": "arn:aws:lambda:us-east-1:843280563593:function:red-subaru-sync-user-26e2cf21",
                "pre_authentication": "",
                "pre_sign_up": "",
                "pre_token_generation": "",
                "pre_token_generation_config": [],
                "user_migration": "",
                "verify_auth_challenge_response": ""
              }
            ],
            "last_modified_date": "2026-02-05T01:20:09Z",
            "mfa_configuration": "OFF",
            "name": "Red Subaru User Pool",
            "password_policy": [
              {
                "minimum_length": 8,
                "password_history_size": 0,
                "require_lowercase": true,
                "require_numbers": true,
                "require_symbols": true,
                "require_uppercase": true,
                "temporary_password_validity_days": 7
              }
            ],
            "schema": [
              {
                "attribute_data_type": "String",
                "developer_only_attribute": false,
                "mutable": true,
                "name": "email",
                "number_attribute_constraints": [],
                "required": true,
                "string_attribute_constraints": [
                  {
                    "max_length": "256",
                    "min_length": "1"
                  }
                ]
              },
              {
                "attribute_data_type": "String",
                "developer_only_attribute": false,
                "mutable": true,
                "name": "name",
                "number_attribute_constraints": [],
                "required": false,
                "string_attribute_constraints": [
                  {
                    "max_length": "256",
                    "min_length": "1"
                  }
                ]
              },
              {
                "attribute_data_type": "String",
                "developer_only_attribute": false,
                "mutable": true,
                "name": "nickname",
                "number_attribute_constraints": [],
                "required": false,
                "string_attribute_constraints": [
                  {
                    "max_length": "50",
                    "min_length": "1"
                  }
                ]
              }
            ],
            "sign_in_policy": [
              {
                "allowed_first_auth_factors": [
                  "PASSWORD"
                ]
              }
            ],
            "sms_authentication_message": "",
            "sms_configuration": [],
            "sms_verification_message": "",
            "software_token_mfa_configuration": [],
            "tags": {
              "Environment": "dev",
              "Name": "Red Subaru User Pool"
            },
            "tags_all": {
              "Environment": "dev",
              "Name": "Red Subaru User Pool"
            },
            "user_attribute_update_settings": [],
            "user_pool_add_ons": [
              {
                "advanced_security_additional_flows": [
                  {
                    "custom_auth_mode": "AUDIT"
                  }
                ],
                "advanced_security_mode": "OFF"
              }
            ],
            "user_pool_tier": "ESSENTIALS",
            "username_attributes": [
              "email"
            ],
            "username_configuration": [],
            "verification_message_template": [
              {
                "default_email_option": "CONFIRM_WITH_CODE",
                "email_message": "Your verification code is {####}",
                "email_message_by_link": "",
                "email_subject": "Red Subaru - Verify your email",
                "email_subject_by_link": "",
                "sms_message": ""
              }
            ],
            "web_authn_configuration": []
          },
          "sensitive_attributes": [],
          "identity_schema_version": 0,
          "private": "bnVsbA==",
          "dependencies": [
            "aws_dynamodb_table.users",
            "aws_iam_role.lambda_role",
            "aws_lambda_function.sync_user",
            "data.archive_file.sync_user",
            "random_id.suffix"
          ]
        }
      ]
    },
    {
      "mode": "managed",
      "type": "aws_cognito_user_pool_client",
      "name": "spa",
      "provider": "provider[\"registry.terraform.io/hashicorp/aws\"]",
      "instances": [
        {
          "schema_version": 0,
          "attributes": {
            "access_token_validity": 1,
            "allowed_oauth_flows": [
              "code"
            ],
            "allowed_oauth_flows_user_pool_client": true,
            "allowed_oauth_scopes": [
              "email",
              "openid",
              "profile"
            ],
            "analytics_configuration": [],
            "auth_session_validity": 3,
            "callback_urls": [
              "http://localhost:3000",
              "http://localhost:4200",
              "http://localhost:5173",
              "https://d1vaa3dyuwnamc.cloudfront.net"
            ],
            "client_secret": "",
            "default_redirect_uri": "",
            "enable_propagate_additional_user_context_data": false,
            "enable_token_revocation": true,
            "explicit_auth_flows": [
              "ALLOW_REFRESH_TOKEN_AUTH",
              "ALLOW_USER_PASSWORD_AUTH",
              "ALLOW_USER_SRP_AUTH"
            ],
            "generate_secret": false,
            "id": "2m44evmulf50vn5vnhif0h2htq",
            "id_token_validity": 1,
            "logout_urls": [
              "http://localhost:3000",
              "http://localhost:4200",
              "http://localhost:5173",
              "https://d1vaa3dyuwnamc.cloudfront.net"
            ],
            "name": "Red Subaru SPA App",
            "prevent_user_existence_errors": "ENABLED",
            "read_attributes": [
              "email",
              "email_verified",
              "name",
              "nickname"
            ],
            "refresh_token_rotation": [],
            "refresh_token_validity": 30,
            "supported_identity_providers": [
              "COGNITO"
            ],
            "token_validity_units": [
              {
                "access_token": "hours",
                "id_token": "hours",
                "refresh_token": "days"
              }
            ],
            "user_pool_id": "us-east-1_OoK1GwlaJ",
            "write_attributes": [
              "email",
              "name",
              "nickname"
            ]
          },
          "sensitive_attributes": [
            [
              {
                "type": "get_attr",
                "value": "client_secret"
              }
            ]
          ],
          "identity_schema_version": 0,
          "dependencies": [
            "aws_cloudfront_distribution.static_site",
            "aws_cloudfront_origin_access_control.static_site",
            "aws_cognito_user_pool.main",
            "aws_dynamodb_table.users",
            "aws_iam_role.lambda_role",
            "aws_lambda_function.sync_user",
            "aws_s3_bucket.static_site",
            "data.archive_file.sync_user",
            "random_id.suffix"
          ]
        }
      ]
    },
    {
      "mode": "managed",
      "type": "aws_cognito_user_pool_domain",
      "name": "main",
      "provider": "provider[\"registry.terraform.io/hashicorp/aws\"]",
      "instances": [
        {
          "schema_version": 0,
          "attributes": {
            "aws_account_id": "843280563593",
            "certificate_arn": "",
            "cloudfront_distribution": "d3oia8etllorh5.cloudfront.net",
            "cloudfront_distribution_arn": "d3oia8etllorh5.cloudfront.net",
            "cloudfront_distribution_zone_id": "Z2FDTNDATAQYW2",
            "domain": "red-subaru-26e2cf21",
            "id": "red-subaru-26e2cf21",
            "managed_login_version": 1,
            "s3_bucket": "aws-cognito-prod-iad-assets",
            "user_pool_id": "us-east-1_OoK1GwlaJ",
            "version": "20260205012010"
          },
          "sensitive_attributes": [],
          "identity_schema_version": 0,
          "private": "bnVsbA==",
          "dependencies": [
            "aws_cognito_user_pool.main",
            "aws_dynamodb_table.users",
            "aws_iam_role.lambda_role",
            "aws_lambda_function.sync_user",
            "data.archive_file.sync_user",
            "random_id.suffix"
          ]
        }
      ]
    },
    {
      "mode": "managed",
      "type": "aws_dynamodb_table",
      "name": "sightings",
      "provider": "provider[\"registry.terraform.io/hashicorp/aws\"]",
      "instances": [
        {
          "schema_version": 1,
          "attributes": {
            "arn": "arn:aws:dynamodb:us-east-1:843280563593:table/red-subaru-sightings-26e2cf21",
            "attribute": [
              {
                "name": "GSI1PK",
                "type": "S"
              },
              {
                "name": "GSI1SK",
                "type": "S"
              },
              {
                "name": "PK",
                "type": "S"
              },
              {
                "name": "SK",
                "type": "S"
              }
            ],
            "billing_mode": "PROVISIONED",
            "deletion_protection_enabled": false,
            "global_secondary_index": [
              {
                "hash_key": "GSI1PK",
                "name": "GSI1",
                "non_key_attributes": [],
                "on_demand_throughput": [],
                "projection_type": "ALL",
                "range_key": "GSI1SK",
                "read_capacity": 5,
                "write_capacity": 5
              }
            ],
            "hash_key": "PK",
            "id": "red-subaru-sightings-26e2cf21",
            "import_table": [],
            "local_secondary_index": [],
            "name": "red-subaru-sightings-26e2cf21",
            "on_demand_throughput": [],
            "point_in_time_recovery": [
              {
                "enabled": false,
                "recovery_period_in_days": 0
              }
            ],
            "range_key": "SK",
            "read_capacity": 5,
            "replica": [],
            "restore_date_time": null,
            "restore_source_name": null,
            "restore_source_table_arn": null,
            "restore_to_latest_time": null,
            "server_side_encryption": [
              {
                "enabled": true,
                "kms_key_arn": ""
              }
            ],
            "stream_arn": "",
            "stream_enabled": false,
            "stream_label": "",
            "stream_view_type": "",
            "table_class": "STANDARD",
            "tags": {
              "Environment": "dev",
              "Name": "Red Subaru Sightings"
            },
            "tags_all": {
              "Environment": "dev",
              "Name": "Red Subaru Sightings"
            },
            "timeouts": null,
            "ttl": [
              {
                "attribute_name": "",
                "enabled": false
              }
            ],
            "write_capacity": 5
          },
          "sensitive_attributes": [],
          "identity_schema_version": 0,
          "private": "eyJlMmJmYjczMC1lY2FhLTExZTYtOGY4OC0zNDM2M2JjN2M0YzAiOnsiY3JlYXRlIjoxODAwMDAwMDAwMDAwLCJkZWxldGUiOjYwMDAwMDAwMDAwMCwidXBkYXRlIjozNjAwMDAwMDAwMDAwfSwic2NoZW1hX3ZlcnNpb24iOiIxIn0=",
          "dependencies": [
            "random_id.suffix"
          ]
        }
      ]
    },
    {
      "mode": "managed",
      "type": "aws_dynamodb_table",
      "name": "users",
      "provider": "provider[\"registry.terraform.io/hashicorp/aws\"]",
      "instances": [
        {
          "schema_version": 1,
          "attributes": {
            "arn": "arn:aws:dynamodb:us-east-1:843280563593:table/red-subaru-users-26e2cf21",
            "attribute": [
              {
                "name": "email",
                "type": "S"
              },
              {
                "name": "userId",
                "type": "S"
              }
            ],
            "billing_mode": "PROVISIONED",
            "deletion_protection_enabled": false,
            "global_secondary_index": [
              {
                "hash_key": "email",
                "name": "EmailIndex",
                "non_key_attributes": [],
                "on_demand_throughput": [],
                "projection_type": "ALL",
                "range_key": "",
                "read_capacity": 5,
                "write_capacity": 5
              }
            ],
            "hash_key": "userId",
            "id": "red-subaru-users-26e2cf21",
            "import_table": [],
            "local_secondary_index": [],
            "name": "red-subaru-users-26e2cf21",
            "on_demand_throughput": [],
            "point_in_time_recovery": [
              {
                "enabled": false,
                "recovery_period_in_days": 0
              }
            ],
            "range_key": null,
            "read_capacity": 5,
            "replica": [],
            "restore_date_time": null,
            "restore_source_name": null,
            "restore_source_table_arn": null,
            "restore_to_latest_time": null,
            "server_side_encryption": [
              {
                "enabled": true,
                "kms_key_arn": ""
              }
            ],
            "stream_arn": "",
            "stream_enabled": false,
            "stream_label": "",
            "stream_view_type": "",
            "table_class": "STANDARD",
            "tags": {
              "Environment": "dev",
              "Name": "Red Subaru Users"
            },
            "tags_all": {
              "Environment": "dev",
              "Name": "Red Subaru Users"
            },
            "timeouts": null,
            "ttl": [
              {
                "attribute_name": "",
                "enabled": false
              }
            ],
            "write_capacity": 5
          },
          "sensitive_attributes": [],
          "identity_schema_version": 0,
          "private": "eyJlMmJmYjczMC1lY2FhLTExZTYtOGY4OC0zNDM2M2JjN2M0YzAiOnsiY3JlYXRlIjoxODAwMDAwMDAwMDAwLCJkZWxldGUiOjYwMDAwMDAwMDAwMCwidXBkYXRlIjozNjAwMDAwMDAwMDAwfSwic2NoZW1hX3ZlcnNpb24iOiIxIn0=",
          "dependencies": [
            "random_id.suffix"
          ]
        }
      ]
    },
    {
      "mode": "managed",
      "type": "aws_iam_policy",
      "name": "lambda_dynamodb_policy",
      "provider": "provider[\"registry.terraform.io/hashicorp/aws\"]",
      "instances": [
        {
          "schema_version": 0,
          "attributes": {
            "arn": "arn:aws:iam::843280563593:policy/red-subaru-lambda-dynamodb-26e2cf21",
            "attachment_count": 1,
            "description": "IAM policy for Lambda to access DynamoDB tables",
            "id": "arn:aws:iam::843280563593:policy/red-subaru-lambda-dynamodb-26e2cf21",
            "name": "red-subaru-lambda-dynamodb-26e2cf21",
            "name_prefix": "",
            "path": "/",
            "policy": "{\"Statement\":[{\"Action\":[\"dynamodb:PutItem\",\"dynamodb:GetItem\",\"dynamodb:BatchGetItem\",\"dynamodb:Scan\",\"dynamodb:Query\",\"dynamodb:UpdateItem\"],\"Effect\":\"Allow\",\"Resource\":[\"arn:aws:dynamodb:us-east-1:843280563593:table/red-subaru-sightings-26e2cf21\",\"arn:aws:dynamodb:us-east-1:843280563593:table/red-subaru-sightings-26e2cf21/index/*\",\"arn:aws:dynamodb:us-east-1:843280563593:table/red-subaru-users-26e2cf21\",\"arn:aws:dynamodb:us-east-1:843280563593:table/red-subaru-users-26e2cf21/index/*\"],\"Sid\":\"DynamoDBTableAccess\"}],\"Version\":\"2012-10-17\"}",
            "policy_id": "ANPA4IV3QHWE3HUJZDSSB",
            "tags": {},
            "tags_all": {}
          },
          "sensitive_attributes": [],
          "identity_schema_version": 0,
          "private": "bnVsbA==",
          "dependencies": [
            "aws_dynamodb_table.sightings",
            "aws_dynamodb_table.users",
            "random_id.suffix"
          ]
        }
      ]
    },
    {
      "mode": "managed",
      "type": "aws_iam_policy",
      "name": "lambda_logs_policy",
      "provider": "provider[\"registry.terraform.io/hashicorp/aws\"]",
      "instances": [
        {
          "schema_version": 0,
          "attributes": {
            "arn": "arn:aws:iam::843280563593:policy/red-subaru-lambda-logs-26e2cf21",
            "attachment_count": 1,
            "description": "IAM policy for Lambda to write CloudWatch logs",
            "id": "arn:aws:iam::843280563593:policy/red-subaru-lambda-logs-26e2cf21",
            "name": "red-subaru-lambda-logs-26e2cf21",
            "name_prefix": "",
            "path": "/",
            "policy": "{\"Statement\":[{\"Action\":[\"logs:CreateLogGroup\",\"logs:CreateLogStream\",\"logs:PutLogEvents\"],\"Effect\":\"Allow\",\"Resource\":\"arn:aws:logs:us-east-1:*:*\",\"Sid\":\"CloudWatchLogs\"}],\"Version\":\"2012-10-17\"}",
            "policy_id": "ANPA4IV3QHWESSS3IEKH7",
            "tags": {},
            "tags_all": {}
          },
          "sensitive_attributes": [],
          "identity_schema_version": 0,
          "private": "bnVsbA==",
          "dependencies": [
            "random_id.suffix"
          ]
        }
      ]
    },
    {
      "mode": "managed",
      "type": "aws_iam_role",
      "name": "lambda_role",
      "provider": "provider[\"registry.terraform.io/hashicorp/aws\"]",
      "instances": [
        {
          "schema_version": 0,
          "attributes": {
            "arn": "arn:aws:iam::843280563593:role/red-subaru-lambda-role-26e2cf21",
            "assume_role_policy": "{\"Statement\":[{\"Action\":\"sts:AssumeRole\",\"Effect\":\"Allow\",\"Principal\":{\"Service\":\"lambda.amazonaws.com\"}}],\"Version\":\"2012-10-17\"}",
            "create_date": "2026-02-05T01:19:36Z",
            "description": "",
            "force_detach_policies": false,
            "id": "red-subaru-lambda-role-26e2cf21",
            "inline_policy": [],
            "managed_policy_arns": [
              "arn:aws:iam::843280563593:policy/red-subaru-lambda-dynamodb-26e2cf21",
              "arn:aws:iam::843280563593:policy/red-subaru-lambda-logs-26e2cf21"
            ],
            "max_session_duration": 3600,
            "name": "red-subaru-lambda-role-26e2cf21",
            "name_prefix": "",
            "path": "/",
            "permissions_boundary": "",
            "tags": {
              "Environment": "dev",
              "Name": "Red Subaru Lambda Role"
            },
            "tags_all": {
              "Environment": "dev",
              "Name": "Red Subaru Lambda Role"
            },
            "unique_id": "AROA4IV3QHWESJYJPWHSO"
          },
          "sensitive_attributes": [],
          "identity_schema_version": 0,
          "private": "bnVsbA==",
          "dependencies": [
            "random_id.suffix"
          ]
        }
      ]
    },
    {
      "mode": "managed",
      "type": "aws_iam_role_policy_attachment",
      "name": "lambda_dynamodb",
      "provider": "provider[\"registry.terraform.io/hashicorp/aws\"]",
      "instances": [
        {
          "schema_version": 0,
          "attributes": {
            "id": "red-subaru-lambda-role-26e2cf21-20260205012001105700000003",
            "policy_arn": "arn:aws:iam::843280563593:policy/red-subaru-lambda-dynamodb-26e2cf21",
            "role": "red-subaru-lambda-role-26e2cf21"
          },
          "sensitive_attributes": [],
          "identity_schema_version": 0,
          "private": "bnVsbA==",
          "dependencies": [
            "aws_dynamodb_table.sightings",
            "aws_dynamodb_table.users",
            "aws_iam_policy.lambda_dynamodb_policy",
            "aws_iam_role.lambda_role",
            "random_id.suffix"
          ]
        }
      ]
    },
    {
      "mode": "managed",
      "type": "aws_iam_role_policy_attachment",
      "name": "lambda_logs",
      "provider": "provider[\"registry.terraform.io/hashicorp/aws\"]",
      "instances": [
        {
          "schema_version": 0,
          "attributes": {
            "id": "red-subaru-lambda-role-26e2cf21-20260205011937138600000001",
            "policy_arn": "arn:aws:iam::843280563593:policy/red-subaru-lambda-logs-26e2cf21",
            "role": "red-subaru-lambda-role-26e2cf21"
          },
          "sensitive_attributes": [],
          "identity_schema_version": 0,
          "private": "bnVsbA==",
          "dependencies": [
            "aws_iam_policy.lambda_logs_policy",
            "aws_iam_role.lambda_role",
            "random_id.suffix"
          ]
        }
      ]
    },
    {
      "mode": "managed",
      "type": "aws_lambda_function",
      "name": "get_leaderboard",
      "provider": "provider[\"registry.terraform.io/hashicorp/aws\"]",
      "instances": [
        {
          "schema_version": 0,
          "attributes": {
            "architectures": [
              "x86_64"
            ],
            "arn": "arn:aws:lambda:us-east-1:843280563593:function:red-subaru-get-leaderboard-26e2cf21",
            "code_sha256": "QHZNnbH96/dGe8yPREkP3MRqzinxzltzJltCuW4FohU=",
            "code_signing_config_arn": "",
            "dead_letter_config": [],
            "description": "",
            "environment": [
              {
                "variables": {
                  "SIGHTINGS_TABLE": "red-subaru-sightings-26e2cf21",
                  "USERS_TABLE": "red-subaru-users-26e2cf21"
                }
              }
            ],
            "ephemeral_storage": [
              {
                "size": 512
              }
            ],
            "file_system_config": [],
            "filename": "./.lambda_zips/getLeaderboard.zip",
            "function_name": "red-subaru-get-leaderboard-26e2cf21",
            "handler": "index.handler",
            "id": "red-subaru-get-leaderboard-26e2cf21",
            "image_config": [],
            "image_uri": "",
            "invoke_arn": "arn:aws:apigateway:us-east-1:lambda:path/2015-03-31/functions/arn:aws:lambda:us-east-1:843280563593:function:red-subaru-get-leaderboard-26e2cf21/invocations",
            "kms_key_arn": "",
            "last_modified": "2026-02-05T02:02:34.029+0000",
            "layers": [],
            "logging_config": [
              {
                "application_log_level": "",
                "log_format": "Text",
                "log_group": "/aws/lambda/red-subaru-get-leaderboard-26e2cf21",
                "system_log_level": ""
              }
            ],
            "memory_size": 128,
            "package_type": "Zip",
            "publish": false,
            "qualified_arn": "arn:aws:lambda:us-east-1:843280563593:function:red-subaru-get-leaderboard-26e2cf21:$LATEST",
            "qualified_invoke_arn": "arn:aws:apigateway:us-east-1:lambda:path/2015-03-31/functions/arn:aws:lambda:us-east-1:843280563593:function:red-subaru-get-leaderboard-26e2cf21:$LATEST/invocations",
            "replace_security_groups_on_destroy": null,
            "replacement_security_group_ids": null,
            "reserved_concurrent_executions": -1,
            "role": "arn:aws:iam::843280563593:role/red-subaru-lambda-role-26e2cf21",
            "runtime": "nodejs18.x",
            "s3_bucket": null,
            "s3_key": null,
            "s3_object_version": null,
            "signing_job_arn": "",
            "signing_profile_version_arn": "",
            "skip_destroy": false,
            "snap_start": [],
            "source_code_hash": "QHZNnbH96/dGe8yPREkP3MRqzinxzltzJltCuW4FohU=",
            "source_code_size": 3095287,
            "tags": {
              "Environment": "dev",
              "Name": "Red Subaru Get Leaderboard"
            },
            "tags_all": {
              "Environment": "dev",
              "Name": "Red Subaru Get Leaderboard"
            },
            "timeout": 30,
            "timeouts": null,
            "tracing_config": [
              {
                "mode": "PassThrough"
              }
            ],
            "version": "$LATEST",
            "vpc_config": []
          },
          "sensitive_attributes": [],
          "identity_schema_version": 0,
          "private": "eyJlMmJmYjczMC1lY2FhLTExZTYtOGY4OC0zNDM2M2JjN2M0YzAiOnsiY3JlYXRlIjo2MDAwMDAwMDAwMDAsImRlbGV0ZSI6NjAwMDAwMDAwMDAwLCJ1cGRhdGUiOjYwMDAwMDAwMDAwMH19",
          "dependencies": [
            "aws_dynamodb_table.sightings",
            "aws_dynamodb_table.users",
            "aws_iam_role.lambda_role",
            "data.archive_file.get_leaderboard",
            "random_id.suffix"
          ]
        }
      ]
    },
    {
      "mode": "managed",
      "type": "aws_lambda_function",
      "name": "record_sighting",
      "provider": "provider[\"registry.terraform.io/hashicorp/aws\"]",
      "instances": [
        {
          "schema_version": 0,
          "attributes": {
            "architectures": [
              "x86_64"
            ],
            "arn": "arn:aws:lambda:us-east-1:843280563593:function:red-subaru-record-sighting-26e2cf21",
            "code_sha256": "HnR1Blt7BwVnAXGXNUEUle9V364eotwt+n5J8sMXZKQ=",
            "code_signing_config_arn": "",
            "dead_letter_config": [],
            "description": "",
            "environment": [
              {
                "variables": {
                  "SIGHTINGS_TABLE": "red-subaru-sightings-26e2cf21",
                  "USERS_TABLE": "red-subaru-users-26e2cf21"
                }
              }
            ],
            "ephemeral_storage": [
              {
                "size": 512
              }
            ],
            "file_system_config": [],
            "filename": "./.lambda_zips/recordSighting.zip",
            "function_name": "red-subaru-record-sighting-26e2cf21",
            "handler": "index.handler",
            "id": "red-subaru-record-sighting-26e2cf21",
            "image_config": [],
            "image_uri": "",
            "invoke_arn": "arn:aws:apigateway:us-east-1:lambda:path/2015-03-31/functions/arn:aws:lambda:us-east-1:843280563593:function:red-subaru-record-sighting-26e2cf21/invocations",
            "kms_key_arn": "",
            "last_modified": "2026-02-05T01:36:17.000+0000",
            "layers": [],
            "logging_config": [
              {
                "application_log_level": "",
                "log_format": "Text",
                "log_group": "/aws/lambda/red-subaru-record-sighting-26e2cf21",
                "system_log_level": ""
              }
            ],
            "memory_size": 128,
            "package_type": "Zip",
            "publish": false,
            "qualified_arn": "arn:aws:lambda:us-east-1:843280563593:function:red-subaru-record-sighting-26e2cf21:$LATEST",
            "qualified_invoke_arn": "arn:aws:apigateway:us-east-1:lambda:path/2015-03-31/functions/arn:aws:lambda:us-east-1:843280563593:function:red-subaru-record-sighting-26e2cf21:$LATEST/invocations",
            "replace_security_groups_on_destroy": null,
            "replacement_security_group_ids": null,
            "reserved_concurrent_executions": -1,
            "role": "arn:aws:iam::843280563593:role/red-subaru-lambda-role-26e2cf21",
            "runtime": "nodejs18.x",
            "s3_bucket": null,
            "s3_key": null,
            "s3_object_version": null,
            "signing_job_arn": "",
            "signing_profile_version_arn": "",
            "skip_destroy": false,
            "snap_start": [],
            "source_code_hash": "HnR1Blt7BwVnAXGXNUEUle9V364eotwt+n5J8sMXZKQ=",
            "source_code_size": 3094883,
            "tags": {
              "Environment": "dev",
              "Name": "Red Subaru Record Sighting"
            },
            "tags_all": {
              "Environment": "dev",
              "Name": "Red Subaru Record Sighting"
            },
            "timeout": 10,
            "timeouts": null,
            "tracing_config": [
              {
                "mode": "PassThrough"
              }
            ],
            "version": "$LATEST",
            "vpc_config": []
          },
          "sensitive_attributes": [],
          "identity_schema_version": 0,
          "private": "eyJlMmJmYjczMC1lY2FhLTExZTYtOGY4OC0zNDM2M2JjN2M0YzAiOnsiY3JlYXRlIjo2MDAwMDAwMDAwMDAsImRlbGV0ZSI6NjAwMDAwMDAwMDAwLCJ1cGRhdGUiOjYwMDAwMDAwMDAwMH19",
          "dependencies": [
            "aws_dynamodb_table.sightings",
            "aws_dynamodb_table.users",
            "aws_iam_role.lambda_role",
            "data.archive_file.record_sighting",
            "random_id.suffix"
          ]
        }
      ]
    },
    {
      "mode": "managed",
      "type": "aws_lambda_function",
      "name": "sync_user",
      "provider": "provider[\"registry.terraform.io/hashicorp/aws\"]",
      "instances": [
        {
          "schema_version": 0,
          "attributes": {
            "architectures": [
              "x86_64"
            ],
            "arn": "arn:aws:lambda:us-east-1:843280563593:function:red-subaru-sync-user-26e2cf21",
            "code_sha256": "0Y+2iUPI/f9JzCeJECeyf10C2/z5GtJO2FofgqzFi5I=",
            "code_signing_config_arn": "",
            "dead_letter_config": [],
            "description": "",
            "environment": [
              {
                "variables": {
                  "USERS_TABLE": "red-subaru-users-26e2cf21"
                }
              }
            ],
            "ephemeral_storage": [
              {
                "size": 512
              }
            ],
            "file_system_config": [],
            "filename": "./.lambda_zips/syncUser.zip",
            "function_name": "red-subaru-sync-user-26e2cf21",
            "handler": "index.handler",
            "id": "red-subaru-sync-user-26e2cf21",
            "image_config": [],
            "image_uri": "",
            "invoke_arn": "arn:aws:apigateway:us-east-1:lambda:path/2015-03-31/functions/arn:aws:lambda:us-east-1:843280563593:function:red-subaru-sync-user-26e2cf21/invocations",
            "kms_key_arn": "",
            "last_modified": "2026-02-05T01:58:02.093+0000",
            "layers": [],
            "logging_config": [
              {
                "application_log_level": "",
                "log_format": "Text",
                "log_group": "/aws/lambda/red-subaru-sync-user-26e2cf21",
                "system_log_level": ""
              }
            ],
            "memory_size": 128,
            "package_type": "Zip",
            "publish": false,
            "qualified_arn": "arn:aws:lambda:us-east-1:843280563593:function:red-subaru-sync-user-26e2cf21:$LATEST",
            "qualified_invoke_arn": "arn:aws:apigateway:us-east-1:lambda:path/2015-03-31/functions/arn:aws:lambda:us-east-1:843280563593:function:red-subaru-sync-user-26e2cf21:$LATEST/invocations",
            "replace_security_groups_on_destroy": null,
            "replacement_security_group_ids": null,
            "reserved_concurrent_executions": -1,
            "role": "arn:aws:iam::843280563593:role/red-subaru-lambda-role-26e2cf21",
            "runtime": "nodejs18.x",
            "s3_bucket": null,
            "s3_key": null,
            "s3_object_version": null,
            "signing_job_arn": "",
            "signing_profile_version_arn": "",
            "skip_destroy": false,
            "snap_start": [],
            "source_code_hash": "0Y+2iUPI/f9JzCeJECeyf10C2/z5GtJO2FofgqzFi5I=",
            "source_code_size": 3094319,
            "tags": {
              "Environment": "dev",
              "Name": "Red Subaru Sync User"
            },
            "tags_all": {
              "Environment": "dev",
              "Name": "Red Subaru Sync User"
            },
            "timeout": 10,
            "timeouts": null,
            "tracing_config": [
              {
                "mode": "PassThrough"
              }
            ],
            "version": "$LATEST",
            "vpc_config": []
          },
          "sensitive_attributes": [],
          "identity_schema_version": 0,
          "private": "eyJlMmJmYjczMC1lY2FhLTExZTYtOGY4OC0zNDM2M2JjN2M0YzAiOnsiY3JlYXRlIjo2MDAwMDAwMDAwMDAsImRlbGV0ZSI6NjAwMDAwMDAwMDAwLCJ1cGRhdGUiOjYwMDAwMDAwMDAwMH19",
          "dependencies": [
            "aws_dynamodb_table.users",
            "aws_iam_role.lambda_role",
            "data.archive_file.sync_user",
            "random_id.suffix"
          ]
        }
      ]
    },
    {
      "mode": "managed",
      "type": "aws_lambda_permission",
      "name": "api_get_leaderboard",
      "provider": "provider[\"registry.terraform.io/hashicorp/aws\"]",
      "instances": [
        {
          "schema_version": 0,
          "attributes": {
            "action": "lambda:InvokeFunction",
            "event_source_token": null,
            "function_name": "red-subaru-get-leaderboard-26e2cf21",
            "function_url_auth_type": null,
            "id": "AllowAPIGatewayInvoke",
            "principal": "apigateway.amazonaws.com",
            "principal_org_id": null,
            "qualifier": "",
            "source_account": null,
            "source_arn": "arn:aws:execute-api:us-east-1:843280563593:86m8lqixlk/*/*",
            "statement_id": "AllowAPIGatewayInvoke",
            "statement_id_prefix": ""
          },
          "sensitive_attributes": [],
          "identity_schema_version": 0,
          "private": "bnVsbA==",
          "dependencies": [
            "aws_apigatewayv2_api.main",
            "aws_cloudfront_distribution.static_site",
            "aws_cloudfront_origin_access_control.static_site",
            "aws_dynamodb_table.sightings",
            "aws_dynamodb_table.users",
            "aws_iam_role.lambda_role",
            "aws_lambda_function.get_leaderboard",
            "aws_s3_bucket.static_site",
            "data.archive_file.get_leaderboard",
            "random_id.suffix"
          ]
        }
      ]
    },
    {
      "mode": "managed",
      "type": "aws_lambda_permission",
      "name": "api_record_sighting",
      "provider": "provider[\"registry.terraform.io/hashicorp/aws\"]",
      "instances": [
        {
          "schema_version": 0,
          "attributes": {
            "action": "lambda:InvokeFunction",
            "event_source_token": null,
            "function_name": "red-subaru-record-sighting-26e2cf21",
            "function_url_auth_type": null,
            "id": "AllowAPIGatewayInvoke",
            "principal": "apigateway.amazonaws.com",
            "principal_org_id": null,
            "qualifier": "",
            "source_account": null,
            "source_arn": "arn:aws:execute-api:us-east-1:843280563593:86m8lqixlk/*/*",
            "statement_id": "AllowAPIGatewayInvoke",
            "statement_id_prefix": ""
          },
          "sensitive_attributes": [],
          "identity_schema_version": 0,
          "private": "bnVsbA==",
          "dependencies": [
            "aws_apigatewayv2_api.main",
            "aws_cloudfront_distribution.static_site",
            "aws_cloudfront_origin_access_control.static_site",
            "aws_dynamodb_table.sightings",
            "aws_dynamodb_table.users",
            "aws_iam_role.lambda_role",
            "aws_lambda_function.record_sighting",
            "aws_s3_bucket.static_site",
            "data.archive_file.record_sighting",
            "random_id.suffix"
          ]
        }
      ]
    },
    {
      "mode": "managed",
      "type": "aws_lambda_permission",
      "name": "cognito_trigger",
      "provider": "provider[\"registry.terraform.io/hashicorp/aws\"]",
      "instances": [
        {
          "schema_version": 0,
          "attributes": {
            "action": "lambda:InvokeFunction",
            "event_source_token": null,
            "function_name": "red-subaru-sync-user-26e2cf21",
            "function_url_auth_type": null,
            "id": "AllowCognitoInvoke",
            "principal": "cognito-idp.amazonaws.com",
            "principal_org_id": null,
            "qualifier": "",
            "source_account": null,
            "source_arn": "arn:aws:cognito-idp:us-east-1:843280563593:userpool/us-east-1_OoK1GwlaJ",
            "statement_id": "AllowCognitoInvoke",
            "statement_id_prefix": ""
          },
          "sensitive_attributes": [],
          "identity_schema_version": 0,
          "private": "bnVsbA==",
          "dependencies": [
            "aws_cognito_user_pool.main",
            "aws_dynamodb_table.users",
            "aws_iam_role.lambda_role",
            "aws_lambda_function.sync_user",
            "data.archive_file.sync_user",
            "random_id.suffix"
          ]
        }
      ]
    },
    {
      "mode": "managed",
      "type": "aws_s3_bucket",
      "name": "static_site",
      "provider": "provider[\"registry.terraform.io/hashicorp/aws\"]",
      "instances": [
        {
          "schema_version": 0,
          "attributes": {
            "acceleration_status": "",
            "acl": null,
            "arn": "arn:aws:s3:::red-subaru-static-26e2cf21",
            "bucket": "red-subaru-static-26e2cf21",
            "bucket_domain_name": "red-subaru-static-26e2cf21.s3.amazonaws.com",
            "bucket_prefix": "",
            "bucket_regional_domain_name": "red-subaru-static-26e2cf21.s3.us-east-1.amazonaws.com",
            "cors_rule": [
              {
                "allowed_headers": [
                  "*"
                ],
                "allowed_methods": [
                  "GET",
                  "HEAD"
                ],
                "allowed_origins": [
                  "http://localhost:3000",
                  "http://localhost:5173",
                  "http://localhost:4200"
                ],
                "expose_headers": [
                  "ETag"
                ],
                "max_age_seconds": 3000
              }
            ],
            "force_destroy": false,
            "grant": [
              {
                "id": "1c8d61d0858f57fd99def5834e0f18990cd0696b2dc16c5992df725a60942a02",
                "permissions": [
                  "FULL_CONTROL"
                ],
                "type": "CanonicalUser",
                "uri": ""
              }
            ],
            "hosted_zone_id": "Z3AQBSTGFYJSTF",
            "id": "red-subaru-static-26e2cf21",
            "lifecycle_rule": [],
            "logging": [],
            "object_lock_configuration": [],
            "object_lock_enabled": false,
            "policy": "{\"Statement\":[{\"Action\":\"s3:GetObject\",\"Condition\":{\"StringEquals\":{\"AWS:SourceArn\":\"arn:aws:cloudfront::843280563593:distribution/EBGTXUBNA7R2W\"}},\"Effect\":\"Allow\",\"Principal\":{\"Service\":\"cloudfront.amazonaws.com\"},\"Resource\":\"arn:aws:s3:::red-subaru-static-26e2cf21/*\",\"Sid\":\"AllowCloudFrontAccess\"}],\"Version\":\"2012-10-17\"}",
            "region": "us-east-1",
            "replication_configuration": [],
            "request_payer": "BucketOwner",
            "server_side_encryption_configuration": [
              {
                "rule": [
                  {
                    "apply_server_side_encryption_by_default": [
                      {
                        "kms_master_key_id": "",
                        "sse_algorithm": "AES256"
                      }
                    ],
                    "bucket_key_enabled": false
                  }
                ]
              }
            ],
            "tags": {
              "Environment": "dev",
              "Name": "Red Subaru Static Site"
            },
            "tags_all": {
              "Environment": "dev",
              "Name": "Red Subaru Static Site"
            },
            "timeouts": null,
            "versioning": [
              {
                "enabled": false,
                "mfa_delete": false
              }
            ],
            "website": [],
            "website_domain": null,
            "website_endpoint": null
          },
          "sensitive_attributes": [],
          "identity_schema_version": 0,
          "private": "eyJlMmJmYjczMC1lY2FhLTExZTYtOGY4OC0zNDM2M2JjN2M0YzAiOnsiY3JlYXRlIjoxMjAwMDAwMDAwMDAwLCJkZWxldGUiOjM2MDAwMDAwMDAwMDAsInJlYWQiOjEyMDAwMDAwMDAwMDAsInVwZGF0ZSI6MTIwMDAwMDAwMDAwMH19",
          "dependencies": [
            "random_id.suffix"
          ]
        }
      ]
    },
    {
      "mode": "managed",
      "type": "aws_s3_bucket_cors_configuration",
      "name": "static_site",
      "provider": "provider[\"registry.terraform.io/hashicorp/aws\"]",
      "instances": [
        {
          "schema_version": 0,
          "attributes": {
            "bucket": "red-subaru-static-26e2cf21",
            "cors_rule": [
              {
                "allowed_headers": [
                  "*"
                ],
                "allowed_methods": [
                  "GET",
                  "HEAD"
                ],
                "allowed_origins": [
                  "http://localhost:3000",
                  "http://localhost:4200",
                  "http://localhost:5173"
                ],
                "expose_headers": [
                  "ETag"
                ],
                "id": "",
                "max_age_seconds": 3000
              }
            ],
            "expected_bucket_owner": "",
            "id": "red-subaru-static-26e2cf21"
          },
          "sensitive_attributes": [],
          "identity_schema_version": 0,
          "private": "bnVsbA==",
          "dependencies": [
            "aws_s3_bucket.static_site",
            "random_id.suffix"
          ]
        }
      ]
    },
    {
      "mode": "managed",
      "type": "aws_s3_bucket_policy",
      "name": "static_site",
      "provider": "provider[\"registry.terraform.io/hashicorp/aws\"]",
      "instances": [
        {
          "schema_version": 0,
          "attributes": {
            "bucket": "red-subaru-static-26e2cf21",
            "id": "red-subaru-static-26e2cf21",
            "policy": "{\"Statement\":[{\"Action\":\"s3:GetObject\",\"Condition\":{\"StringEquals\":{\"AWS:SourceArn\":\"arn:aws:cloudfront::843280563593:distribution/EBGTXUBNA7R2W\"}},\"Effect\":\"Allow\",\"Principal\":{\"Service\":\"cloudfront.amazonaws.com\"},\"Resource\":\"arn:aws:s3:::red-subaru-static-26e2cf21/*\",\"Sid\":\"AllowCloudFrontAccess\"}],\"Version\":\"2012-10-17\"}"
          },
          "sensitive_attributes": [],
          "identity_schema_version": 0,
          "private": "bnVsbA==",
          "dependencies": [
            "aws_cloudfront_distribution.static_site",
            "aws_cloudfront_origin_access_control.static_site",
            "aws_s3_bucket.static_site",
            "random_id.suffix"
          ]
        }
      ]
    },
    {
      "mode": "managed",
      "type": "aws_s3_bucket_public_access_block",
      "name": "static_site",
      "provider": "provider[\"registry.terraform.io/hashicorp/aws\"]",
      "instances": [
        {
          "schema_version": 0,
          "attributes": {
            "block_public_acls": true,
            "block_public_policy": true,
            "bucket": "red-subaru-static-26e2cf21",
            "id": "red-subaru-static-26e2cf21",
            "ignore_public_acls": true,
            "restrict_public_buckets": true
          },
          "sensitive_attributes": [],
          "identity_schema_version": 0,
          "private": "bnVsbA==",
          "dependencies": [
            "aws_s3_bucket.static_site",
            "random_id.suffix"
          ]
        }
      ]
    },
    {
      "mode": "managed",
      "type": "aws_s3_bucket_versioning",
      "name": "static_site",
      "provider": "provider[\"registry.terraform.io/hashicorp/aws\"]",
      "instances": [
        {
          "schema_version": 0,
          "attributes": {
            "bucket": "red-subaru-static-26e2cf21",
            "expected_bucket_owner": "",
            "id": "red-subaru-static-26e2cf21",
            "mfa": null,
            "versioning_configuration": [
              {
                "mfa_delete": "",
                "status": "Disabled"
              }
            ]
          },
          "sensitive_attributes": [],
          "identity_schema_version": 0,
          "private": "bnVsbA==",
          "dependencies": [
            "aws_s3_bucket.static_site",
            "random_id.suffix"
          ]
        }
      ]
    },
    {
      "mode": "managed",
      "type": "random_id",
      "name": "suffix",
      "provider": "provider[\"registry.terraform.io/hashicorp/random\"]",
      "instances": [
        {
          "schema_version": 0,
          "attributes": {
            "b64_std": "JuLPIQ==",
            "b64_url": "JuLPIQ",
            "byte_length": 4,
            "dec": "652398369",
            "hex": "26e2cf21",
            "id": "JuLPIQ",
            "keepers": null,
            "prefix": null
          },
          "sensitive_attributes": [],
          "identity_schema_version": 0
        }
      ]
    }
  ],
  "check_results": null
}
